{
    "_meta": {
        "hash": {
            "sha256": "71dc427ddb5ec476e29dfafe918bccf533d20cfead1871cec4efa77b0f50f536"
        },
        "pipfile-spec": 6,
        "requires": {
            "python_version": "3.7"
        },
        "sources": [
            {
                "name": "pypi",
                "url": "https://pypi.org/simple",
                "verify_ssl": true
            }
        ]
    },
    "default": {
        "allure-pytest": {
            "hashes": [
                "sha256:0fb868968ee7775b511db06d518672566099ca8a9b6d291ead671c5003eb245f",
                "sha256:6507c039d582ae50a5ba041a962d50d2d2a85ef779c15c330bebdb0eb3c3c336"
            ],
            "index": "pypi",
            "version": "==2.8.9"
        },
        "allure-python-commons": {
            "hashes": [
                "sha256:3a2cffb55036b5128aa61c0ddb6e0b8666bad72810744782a107259e988a7570",
                "sha256:c2aeba5d8401248a8187289feceb17a95ac39a93cd50aec977fe1e212f4e7a84"
            ],
            "version": "==2.8.9"
        },
        "atomicwrites": {
            "hashes": [
                "sha256:03472c30eb2c5d1ba9227e4c2ca66ab8287fbfbbda3888aa93dc2e28fc6811b4",
                "sha256:75a9445bac02d8d058d5e1fe689654ba5a6556a1dfd8ce6ec55a0ed79866cfa6"
            ],
            "markers": "sys_platform == 'win32'",
            "version": "==1.3.0"
        },
        "attrs": {
            "hashes": [
                "sha256:08a96c641c3a74e44eb59afb61a24f2cb9f4d7188748e76ba4bb5edfa3cb7d1c",
                "sha256:f7b7ce16570fe9965acd6d30101a28f62fb4a7f9e926b3bbc9b61f8b04247e72"
            ],
            "version": "==19.3.0"
        },
        "colorama": {
            "hashes": [
                "sha256:7d73d2a99753107a36ac6b455ee49046802e59d9d076ef8e47b61499fa29afff",
                "sha256:e96da0d330793e2cb9485e9ddfd918d456036c7149416295932478192f4436a1"
            ],
            "markers": "sys_platform == 'win32'",
            "version": "==0.4.3"
        },
        "importlib-metadata": {
            "hashes": [
                "sha256:06f5b3a99029c7134207dd882428a66992a9de2bef7c2b699b5641f9886c3302",
                "sha256:b97607a1a18a5100839aec1dc26a1ea17ee0d93b20b0f008d80a5a050afb200b"
            ],
            "markers": "python_version < '3.8'",
            "version": "==1.5.0"
        },
        "more-itertools": {
            "hashes": [
                "sha256:5dd8bcf33e5f9513ffa06d5ad33d78f31e1931ac9a18f33d37e77a180d393a7c",
                "sha256:b1ddb932186d8a6ac451e1d95844b382f55e12686d51ca0c68b6f61f2ab7a507"
            ],
            "version": "==8.2.0"
        },
        "packaging": {
            "hashes": [
                "sha256:170748228214b70b672c581a3dd610ee51f733018650740e98c7df862a583f73",
                "sha256:e665345f9eef0c621aa0bf2f8d78cf6d21904eef16a93f020240b704a57f1334"
            ],
            "version": "==20.1"
        },
        "pluggy": {
            "hashes": [
                "sha256:15b2acde666561e1298d71b523007ed7364de07029219b604cf808bfa1c765b0",
                "sha256:966c145cd83c96502c3c3868f50408687b38434af77734af1e9ca461a4081d2d"
            ],
            "version": "==0.13.1"
        },
        "py": {
            "hashes": [
                "sha256:5e27081401262157467ad6e7f851b7aa402c5852dbcb3dae06768434de5752aa",
                "sha256:c20fdd83a5dbc0af9efd622bee9a5564e278f6380fffcacc43ba6f43db2813b0"
            ],
            "version": "==1.8.1"
        },
        "pyaml": {
            "hashes": [
                "sha256:10b7406f4d29dceca1bc4540713363e07c18886ac9a44edd3d7720314bdcb0ff",
                "sha256:b3f636b467864319d7ded1558f86bb305b8612a274f5d443a62dc5eceb1b7176"
            ],
            "index": "pypi",
            "version": "==19.12.0"
        },
        "pyparsing": {
            "hashes": [
                "sha256:4c830582a84fb022400b85429791bc551f1f4871c33f23e44f353119e92f969f",
                "sha256:c342dccb5250c08d45fd6f8b4a559613ca603b57498511740e65cd11a2e7dcec"
            ],
            "version": "==2.4.6"
        },
        "pytest": {
            "hashes": [
                "sha256:0d5fe9189a148acc3c3eb2ac8e1ac0742cb7618c084f3d228baaec0c254b318d",
                "sha256:ff615c761e25eb25df19edddc0b970302d2a9091fbce0e7213298d85fb61fef6"
            ],
            "version": "==5.3.5"
        },
        "pyyaml": {
            "hashes": [
                "sha256:059b2ee3194d718896c0ad077dd8c043e5e909d9180f387ce42012662a4946d6",
                "sha256:1cf708e2ac57f3aabc87405f04b86354f66799c8e62c28c5fc5f88b5521b2dbf",
                "sha256:24521fa2890642614558b492b473bee0ac1f8057a7263156b02e8b14c88ce6f5",
                "sha256:4fee71aa5bc6ed9d5f116327c04273e25ae31a3020386916905767ec4fc5317e",
                "sha256:70024e02197337533eef7b85b068212420f950319cc8c580261963aefc75f811",
                "sha256:74782fbd4d4f87ff04159e986886931456a1894c61229be9eaf4de6f6e44b99e",
                "sha256:940532b111b1952befd7db542c370887a8611660d2b9becff75d39355303d82d",
                "sha256:cb1f2f5e426dc9f07a7681419fe39cee823bb74f723f36f70399123f439e9b20",
                "sha256:dbbb2379c19ed6042e8f11f2a2c66d39cceb8aeace421bfc29d085d93eda3689",
                "sha256:e3a057b7a64f1222b56e47bcff5e4b94c4f61faac04c7c4ecb1985e18caa3994",
                "sha256:e9f45bd5b92c7974e59bcd2dcc8631a6b6cc380a904725fce7bc08872e691615"
            ],
            "version": "==5.3"
        },
        "six": {
            "hashes": [
                "sha256:236bdbdce46e6e6a3d61a337c0f8b763ca1e8717c03b369e87a7ec7ce1319c0a",
                "sha256:8f3cd2e254d8f793e7f3d6d9df77b92252b52637291d0f0da013c76ea2724b6c"
            ],
            "version": "==1.14.0"
        },
        "wcwidth": {
            "hashes": [
                "sha256:8fd29383f539be45b20bd4df0dc29c20ba48654a41e661925e612311e9f3c603",
                "sha256:f28b3e8a6483e5d49e7f8949ac1a78314e740333ae305b4ba5defd3e74fb37a8"
            ],
            "version": "==0.1.8"
        },
        "zipp": {
            "hashes": [
                "sha256:ccc94ed0909b58ffe34430ea5451f07bc0c76467d7081619a454bf5c98b89e28",
                "sha256:feae2f18633c32fc71f2de629bfb3bd3c9325cd4419642b1f1da42ee488d9b98"
            ],
            "version": "==2.1.0"
        }
    },
    "develop": {}
}
